PODS:
  - XDCommonLib (0.0.1.4)

DEPENDENCIES:
  - XDCommonLib (from `https://github.com/suxinde2009/XDCommonLib.git`, tag `0.0.1.4`)

EXTERNAL SOURCES:
  XDCommonLib:
    :git: https://github.com/suxinde2009/XDCommonLib.git
    :tag: 0.0.1.4

CHECKOUT OPTIONS:
  XDCommonLib:
    :git: https://github.com/suxinde2009/XDCommonLib.git
    :tag: 0.0.1.4

SPEC CHECKSUMS:
  XDCommonLib: 69343fcb50fe1a915420cd2cc4c414fc85eada0d

COCOAPODS: 0.39.0
